<?xml version="1.0" encoding="utf-8"?>
<Project ToolsVersion="4.0" xmlns="http://schemas.microsoft.com/developer/msbuild/2003">
  <ItemGroup>
    <Filter Include="Исходные файлы">
      <UniqueIdentifier>{4FC737F1-C7A5-4376-A066-2A32D752A2FF}</UniqueIdentifier>
      <Extensions>cpp;c;cc;cxx;c++;cppm;ixx;def;odl;idl;hpj;bat;asm;asmx</Extensions>
    </Filter>
    <Filter Include="Файлы ресурсов">
      <UniqueIdentifier>{67DA6AB6-F800-4c08-8B7A-83BB121AAD01}</UniqueIdentifier>
      <Extensions>rc;ico;cur;bmp;dlg;rc2;rct;bin;rgs;gif;jpg;jpeg;jpe;resx;tiff;tif;png;wav;mfcribbon-ms</Extensions>
    </Filter>
  </ItemGroup>
  <ItemGroup>
    <ClCompile Include="additionals\CorrectnessTester.cpp">
      <Filter>Исходные файлы</Filter>
    </ClCompile>
    <ClCompile Include="additionals\ProgressBar.cpp">
      <Filter>Исходные файлы</Filter>
    </ClCompile>
    <ClCompile Include="additionals\DAGPool\DAGGenerator.cpp">
      <Filter>Исходные файлы</Filter>
    </ClCompile>
    <ClCompile Include="additionals\DAGPool\DAGPool.cpp">
      <Filter>Исходные файлы</Filter>
    </ClCompile>
    <ClCompile Include="additionals\DAGPool\DAGReader.cpp">
      <Filter>Исходные файлы</Filter>
    </ClCompile>
    <ClCompile Include="algorithms\src\AntColonyOptimization.cpp">
      <Filter>Исходные файлы</Filter>
    </ClCompile>
    <ClCompile Include="algorithms\src\AntQ.cpp">
      <Filter>Исходные файлы</Filter>
    </ClCompile>
    <ClCompile Include="algorithms\src\BaseOptimization.cpp">
      <Filter>Исходные файлы</Filter>
    </ClCompile>
    <ClCompile Include="algorithms\src\BranchBoundOptimization.cpp">
      <Filter>Исходные файлы</Filter>
    </ClCompile>
    <ClCompile Include="algorithms\src\GreedyOptimization.cpp">
      <Filter>Исходные файлы</Filter>
    </ClCompile>
    <ClCompile Include="algorithms\src\IterativeOptimization.cpp">
      <Filter>Исходные файлы</Filter>
    </ClCompile>
    <ClCompile Include="algorithms\src\ScheduleCorrector.cpp">
      <Filter>Исходные файлы</Filter>
    </ClCompile>
    <ClCompile Include="algorithms\src\SimulatedAnnealing.cpp">
      <Filter>Исходные файлы</Filter>
    </ClCompile>
    <ClCompile Include="algorithms\src\SUMIACO.cpp">
      <Filter>Исходные файлы</Filter>
    </ClCompile>
    <ClCompile Include="experiments\experiments.cpp">
      <Filter>Исходные файлы</Filter>
    </ClCompile>
    <ClCompile Include="experiments\GridSearch.cpp">
      <Filter>Исходные файлы</Filter>
    </ClCompile>
    <ClCompile Include="src\additionals.cpp">
      <Filter>Исходные файлы</Filter>
    </ClCompile>
    <ClCompile Include="src\Schedule.cpp">
      <Filter>Исходные файлы</Filter>
    </ClCompile>
    <ClCompile Include="main.cpp">
      <Filter>Исходные файлы</Filter>
    </ClCompile>
    <ClCompile Include="src\parse.cpp">
      <Filter>Исходные файлы</Filter>
    </ClCompile>
  </ItemGroup>
  <ItemGroup>
    <ClInclude Include="additionals\CorrectnessTester.h">
      <Filter>Файлы ресурсов</Filter>
    </ClInclude>
    <ClInclude Include="additionals\ProgressBar.h">
      <Filter>Файлы ресурсов</Filter>
    </ClInclude>
    <ClInclude Include="additionals\TableContent.h">
      <Filter>Файлы ресурсов</Filter>
    </ClInclude>
    <ClInclude Include="additionals\DAGPool\DAGGenerator.h">
      <Filter>Файлы ресурсов</Filter>
    </ClInclude>
    <ClInclude Include="additionals\DAGPool\DAGPool.h">
      <Filter>Файлы ресурсов</Filter>
    </ClInclude>
    <ClInclude Include="additionals\DAGPool\DAGReader.h">
      <Filter>Файлы ресурсов</Filter>
    </ClInclude>
    <ClInclude Include="algorithms\include\AntColonyOptimization.h">
      <Filter>Файлы ресурсов</Filter>
    </ClInclude>
    <ClInclude Include="algorithms\include\AntQ.h">
      <Filter>Файлы ресурсов</Filter>
    </ClInclude>
    <ClInclude Include="algorithms\include\BaseOptimization.h">
      <Filter>Файлы ресурсов</Filter>
    </ClInclude>
    <ClInclude Include="algorithms\include\BranchBoundOptimization.h">
      <Filter>Файлы ресурсов</Filter>
    </ClInclude>
    <ClInclude Include="algorithms\include\GreedyOptimization.h">
      <Filter>Файлы ресурсов</Filter>
    </ClInclude>
    <ClInclude Include="algorithms\include\IterativeOptimization.h">
      <Filter>Файлы ресурсов</Filter>
    </ClInclude>
    <ClInclude Include="algorithms\include\ScheduleCorrector.h">
      <Filter>Файлы ресурсов</Filter>
    </ClInclude>
    <ClInclude Include="algorithms\include\SimulatedAnnealing.h">
      <Filter>Файлы ресурсов</Filter>
    </ClInclude>
    <ClInclude Include="algorithms\include\SUMIACO.h">
      <Filter>Файлы ресурсов</Filter>
    </ClInclude>
    <ClInclude Include="experiments\experiments.h">
      <Filter>Файлы ресурсов</Filter>
    </ClInclude>
    <ClInclude Include="experiments\GridSearch.h">
      <Filter>Файлы ресурсов</Filter>
    </ClInclude>
    <ClInclude Include="include\additionals.h">
      <Filter>Файлы ресурсов</Filter>
    </ClInclude>
    <ClInclude Include="include\general_types.h">
      <Filter>Файлы ресурсов</Filter>
    </ClInclude>
    <ClInclude Include="include\Schedule.h">
      <Filter>Файлы ресурсов</Filter>
    </ClInclude>
    <ClInclude Include="include\parse.h">
      <Filter>Файлы ресурсов</Filter>
    </ClInclude>
  </ItemGroup>
</Project>